
Microsoft Visual Studio Solution File, Format Version 12.00
# Visual Studio Version 17
VisualStudioVersion = 17.3.32929.385
MinimumVisualStudioVersion = 10.0.40219.1
Project("{FAE04EC0-301F-11D3-BF4B-00C04F79EFBC}") = "csharp-oop-shop", "csharp-oop-shop\csharp-oop-shop.csproj", "{225E3E57-1DE8-4EEF-90C1-3F9284866B67}"
EndProject
Global
	GlobalSection(SolutionConfigurationPlatforms) = preSolution
		Debug|Any CPU = Debug|Any CPU
		Release|Any CPU = Release|Any CPU
	EndGlobalSection
	GlobalSection(ProjectConfigurationPlatforms) = postSolution
		{225E3E57-1DE8-4EEF-90C1-3F9284866B67}.Debug|Any CPU.ActiveCfg = Debug|Any CPU
		{225E3E57-1DE8-4EEF-90C1-3F9284866B67}.Debug|Any CPU.Build.0 = Debug|Any CPU
		{225E3E57-1DE8-4EEF-90C1-3F9284866B67}.Release|Any CPU.ActiveCfg = Release|Any CPU
		{225E3E57-1DE8-4EEF-90C1-3F9284866B67}.Release|Any CPU.Build.0 = Release|Any CPU
	EndGlobalSection
	GlobalSection(SolutionProperties) = preSolution
		HideSolutionNode = FALSE
	EndGlobalSection
	GlobalSection(ExtensibilityGlobals) = postSolution
		SolutionGuid = {12B8DA3A-961F-4CD3-A465-53F65A2F5E0E}
	EndGlobalSection
EndGlobal
